# This file is automatically @generated by Cargo.
# It is not intended for manual editing.
version = 3

[[package]]
name = "cgp-async"
version = "0.4.0"
source = "git+https://github.com/contextgeneric/cgp.git?branch=handler#f4cbfc7d745bd6dd38d91571417e2c61d8c9e05e"
dependencies = [
 "cgp-async-macro",
 "cgp-sync",
]

[[package]]
name = "cgp-async-macro"
version = "0.4.0"
source = "git+https://github.com/contextgeneric/cgp.git?branch=handler#f4cbfc7d745bd6dd38d91571417e2c61d8c9e05e"
dependencies = [
 "proc-macro2",
 "quote",
 "syn",
]

[[package]]
name = "cgp-component"
version = "0.4.0"
source = "git+https://github.com/contextgeneric/cgp.git?branch=handler#f4cbfc7d745bd6dd38d91571417e2c61d8c9e05e"

[[package]]
name = "cgp-core"
version = "0.4.0"
source = "git+https://github.com/contextgeneric/cgp.git?branch=handler#f4cbfc7d745bd6dd38d91571417e2c61d8c9e05e"
dependencies = [
 "cgp-async",
 "cgp-component",
 "cgp-error",
 "cgp-field",
 "cgp-macro",
 "cgp-type",
]

[[package]]
name = "cgp-error"
version = "0.4.0"
source = "git+https://github.com/contextgeneric/cgp.git?branch=handler#f4cbfc7d745bd6dd38d91571417e2c61d8c9e05e"
dependencies = [
 "cgp-async",
 "cgp-component",
 "cgp-macro",
 "cgp-type",
]

[[package]]
name = "cgp-field"
version = "0.4.0"
source = "git+https://github.com/contextgeneric/cgp.git?branch=handler#f4cbfc7d745bd6dd38d91571417e2c61d8c9e05e"
dependencies = [
 "cgp-component",
 "cgp-macro",
 "cgp-type",
]

[[package]]
name = "cgp-macro"
version = "0.4.0"
source = "git+https://github.com/contextgeneric/cgp.git?branch=handler#f4cbfc7d745bd6dd38d91571417e2c61d8c9e05e"
dependencies = [
 "cgp-macro-lib",
 "syn",
]

[[package]]
name = "cgp-macro-lib"
version = "0.4.0"
source = "git+https://github.com/contextgeneric/cgp.git?branch=handler#f4cbfc7d745bd6dd38d91571417e2c61d8c9e05e"
dependencies = [
 "itertools",
 "prettyplease",
 "proc-macro2",
 "quote",
 "syn",
]

[[package]]
name = "cgp-sync"
version = "0.4.0"
source = "git+https://github.com/contextgeneric/cgp.git?branch=handler#f4cbfc7d745bd6dd38d91571417e2c61d8c9e05e"
dependencies = [
 "cgp-async-macro",
]

[[package]]
name = "cgp-type"
version = "0.4.0"
source = "git+https://github.com/contextgeneric/cgp.git?branch=handler#f4cbfc7d745bd6dd38d91571417e2c61d8c9e05e"
dependencies = [
 "cgp-component",
 "cgp-macro",
]

[[package]]
name = "either"
version = "1.15.0"
source = "registry+https://github.com/rust-lang/crates.io-index"
checksum = "48c757948c5ede0e46177b7add2e67155f70e33c07fea8284df6576da70b3719"

[[package]]
name = "hypershell-components"
version = "0.4.0"
dependencies = [
 "cgp-core",
]

[[package]]
name = "itertools"
version = "0.14.0"
source = "registry+https://github.com/rust-lang/crates.io-index"
checksum = "2b192c782037fadd9cfa75548310488aabdbf3d2da73885b31bd0abd03351285"
dependencies = [
 "either",
]

[[package]]
name = "prettyplease"
version = "0.2.32"
source = "registry+https://github.com/rust-lang/crates.io-index"
checksum = "664ec5419c51e34154eec046ebcba56312d5a2fc3b09a06da188e1ad21afadf6"
dependencies = [
 "proc-macro2",
 "syn",
]

[[package]]
name = "proc-macro2"
version = "1.0.95"
source = "registry+https://github.com/rust-lang/crates.io-index"
checksum = "02b3e5e68a3a1a02aad3ec490a98007cbc13c37cbe84a3cd7b8e406d76e7f778"
dependencies = [
 "unicode-ident",
]

[[package]]
name = "quote"
version = "1.0.40"
source = "registry+https://github.com/rust-lang/crates.io-index"
checksum = "1885c039570dc00dcb4ff087a89e185fd56bae234ddc7f056a945bf36467248d"
dependencies = [
 "proc-macro2",
]

[[package]]
name = "syn"
version = "2.0.101"
source = "registry+https://github.com/rust-lang/crates.io-index"
checksum = "8ce2b7fc941b3a24138a0a7cf8e858bfc6a992e7978a068a5c760deb0ed43caf"
dependencies = [
 "proc-macro2",
 "quote",
 "unicode-ident",
]

[[package]]
name = "unicode-ident"
version = "1.0.18"
source = "registry+https://github.com/rust-lang/crates.io-index"
checksum = "5a5f39404a5da50712a4c1eecf25e90dd62b613502b7e925fd4e4d19b5c96512"

[[patch.unused]]
name = "cgp"
version = "0.4.0"
source = "git+https://github.com/contextgeneric/cgp.git?branch=handler#f4cbfc7d745bd6dd38d91571417e2c61d8c9e05e"

[[patch.unused]]
name = "cgp-error-extra"
version = "0.4.0"
source = "git+https://github.com/contextgeneric/cgp.git?branch=handler#f4cbfc7d745bd6dd38d91571417e2c61d8c9e05e"

[[patch.unused]]
name = "cgp-extra"
version = "0.4.0"
source = "git+https://github.com/contextgeneric/cgp.git?branch=handler#f4cbfc7d745bd6dd38d91571417e2c61d8c9e05e"

[[patch.unused]]
name = "cgp-handler"
version = "0.4.0"
source = "git+https://github.com/contextgeneric/cgp.git?branch=handler#f4cbfc7d745bd6dd38d91571417e2c61d8c9e05e"

[[patch.unused]]
name = "cgp-inner"
version = "0.4.0"
source = "git+https://github.com/contextgeneric/cgp.git?branch=handler#f4cbfc7d745bd6dd38d91571417e2c61d8c9e05e"

[[patch.unused]]
name = "cgp-run"
version = "0.4.0"
source = "git+https://github.com/contextgeneric/cgp.git?branch=handler#f4cbfc7d745bd6dd38d91571417e2c61d8c9e05e"

[[patch.unused]]
name = "cgp-runtime"
version = "0.4.0"
source = "git+https://github.com/contextgeneric/cgp.git?branch=handler#f4cbfc7d745bd6dd38d91571417e2c61d8c9e05e"
